
Microsoft Visual Studio Solution File, Format Version 12.00
# Visual Studio Version 17
VisualStudioVersion = 17.14.36127.28
MinimumVisualStudioVersion = 10.0.40219.1
Project("{2150E333-8FDC-42A3-9474-1A3956D46DE8}") = "Services", "Services", "{02EA681E-C7D8-13C7-8484-4AC65E1B71E8}"
EndProject
Project("{2150E333-8FDC-42A3-9474-1A3956D46DE8}") = "Calalog", "Calalog", "{072E0711-7D85-41B7-BB60-630B67CCCFDA}"
EndProject
Project("{FAE04EC0-301F-11D3-BF4B-00C04F79EFBC}") = "Catalog.API", "Services\Catalog\Catalog.API\Catalog.API.csproj", "{9251F238-84A2-499E-8D72-78B15EB91152}"
EndProject
Project("{FAE04EC0-301F-11D3-BF4B-00C04F79EFBC}") = "Catalog.Application", "Services\Catalog\Catalog.Application\Catalog.Application.csproj", "{0D1AD059-14C4-419A-BFD2-E58464C8F8BF}"
EndProject
Project("{FAE04EC0-301F-11D3-BF4B-00C04F79EFBC}") = "Catalog.Core", "Services\Catalog\Catalog.Core\Catalog.Core.csproj", "{89D5AD59-5D79-4009-B3BF-2217A187DBD3}"
EndProject
Project("{FAE04EC0-301F-11D3-BF4B-00C04F79EFBC}") = "Catalog.Infrastructure", "Services\Catalog\Catalog.Infrastructure\Catalog.Infrastructure.csproj", "{E3D6D75A-B0DA-4092-97FC-8CFF4965F90F}"
EndProject
Project("{E53339B2-1760-4266-BCC7-CA923CBCF16C}") = "docker-compose", "docker-compose.dcproj", "{81DDED9D-158B-E303-5F62-77A2896D2A5A}"
EndProject
Project("{2150E333-8FDC-42A3-9474-1A3956D46DE8}") = "Basket", "Basket", "{5066C679-F03C-4BD7-AD0E-09D494DF695A}"
EndProject
Project("{FAE04EC0-301F-11D3-BF4B-00C04F79EFBC}") = "Basket.API", "Services\Basket\Basket.API\Basket.API.csproj", "{E1986D7C-7E03-4917-8513-3F9615E9C3B8}"
EndProject
Project("{FAE04EC0-301F-11D3-BF4B-00C04F79EFBC}") = "Basket.Core", "Services\Basket\Basket.Core\Basket.Core.csproj", "{7490A315-6616-4200-9266-ED7BB9D86CF9}"
EndProject
Project("{FAE04EC0-301F-11D3-BF4B-00C04F79EFBC}") = "Basket.Application", "Services\Basket\Basket.Application\Basket.Application.csproj", "{763730B6-70E3-4A6F-BBB8-FB25579AC3D4}"
EndProject
Project("{FAE04EC0-301F-11D3-BF4B-00C04F79EFBC}") = "Basket.Infrastructure", "Services\Basket\Basket.Infrastructure\Basket.Infrastructure.csproj", "{035C82EF-D2DB-41E0-93BF-86E7009B1453}"
EndProject
Global
	GlobalSection(SolutionConfigurationPlatforms) = preSolution
		Debug|Any CPU = Debug|Any CPU
		Release|Any CPU = Release|Any CPU
	EndGlobalSection
	GlobalSection(ProjectConfigurationPlatforms) = postSolution
		{9251F238-84A2-499E-8D72-78B15EB91152}.Debug|Any CPU.ActiveCfg = Debug|Any CPU
		{9251F238-84A2-499E-8D72-78B15EB91152}.Debug|Any CPU.Build.0 = Debug|Any CPU
		{9251F238-84A2-499E-8D72-78B15EB91152}.Release|Any CPU.ActiveCfg = Release|Any CPU
		{9251F238-84A2-499E-8D72-78B15EB91152}.Release|Any CPU.Build.0 = Release|Any CPU
		{0D1AD059-14C4-419A-BFD2-E58464C8F8BF}.Debug|Any CPU.ActiveCfg = Debug|Any CPU
		{0D1AD059-14C4-419A-BFD2-E58464C8F8BF}.Debug|Any CPU.Build.0 = Debug|Any CPU
		{0D1AD059-14C4-419A-BFD2-E58464C8F8BF}.Release|Any CPU.ActiveCfg = Release|Any CPU
		{0D1AD059-14C4-419A-BFD2-E58464C8F8BF}.Release|Any CPU.Build.0 = Release|Any CPU
		{89D5AD59-5D79-4009-B3BF-2217A187DBD3}.Debug|Any CPU.ActiveCfg = Debug|Any CPU
		{89D5AD59-5D79-4009-B3BF-2217A187DBD3}.Debug|Any CPU.Build.0 = Debug|Any CPU
		{89D5AD59-5D79-4009-B3BF-2217A187DBD3}.Release|Any CPU.ActiveCfg = Release|Any CPU
		{89D5AD59-5D79-4009-B3BF-2217A187DBD3}.Release|Any CPU.Build.0 = Release|Any CPU
		{E3D6D75A-B0DA-4092-97FC-8CFF4965F90F}.Debug|Any CPU.ActiveCfg = Debug|Any CPU
		{E3D6D75A-B0DA-4092-97FC-8CFF4965F90F}.Debug|Any CPU.Build.0 = Debug|Any CPU
		{E3D6D75A-B0DA-4092-97FC-8CFF4965F90F}.Release|Any CPU.ActiveCfg = Release|Any CPU
		{E3D6D75A-B0DA-4092-97FC-8CFF4965F90F}.Release|Any CPU.Build.0 = Release|Any CPU
		{81DDED9D-158B-E303-5F62-77A2896D2A5A}.Debug|Any CPU.ActiveCfg = Debug|Any CPU
		{81DDED9D-158B-E303-5F62-77A2896D2A5A}.Debug|Any CPU.Build.0 = Debug|Any CPU
		{81DDED9D-158B-E303-5F62-77A2896D2A5A}.Release|Any CPU.ActiveCfg = Release|Any CPU
		{81DDED9D-158B-E303-5F62-77A2896D2A5A}.Release|Any CPU.Build.0 = Release|Any CPU
		{E1986D7C-7E03-4917-8513-3F9615E9C3B8}.Debug|Any CPU.ActiveCfg = Debug|Any CPU
		{E1986D7C-7E03-4917-8513-3F9615E9C3B8}.Debug|Any CPU.Build.0 = Debug|Any CPU
		{E1986D7C-7E03-4917-8513-3F9615E9C3B8}.Release|Any CPU.ActiveCfg = Release|Any CPU
		{E1986D7C-7E03-4917-8513-3F9615E9C3B8}.Release|Any CPU.Build.0 = Release|Any CPU
		{7490A315-6616-4200-9266-ED7BB9D86CF9}.Debug|Any CPU.ActiveCfg = Debug|Any CPU
		{7490A315-6616-4200-9266-ED7BB9D86CF9}.Debug|Any CPU.Build.0 = Debug|Any CPU
		{7490A315-6616-4200-9266-ED7BB9D86CF9}.Release|Any CPU.ActiveCfg = Release|Any CPU
		{7490A315-6616-4200-9266-ED7BB9D86CF9}.Release|Any CPU.Build.0 = Release|Any CPU
		{763730B6-70E3-4A6F-BBB8-FB25579AC3D4}.Debug|Any CPU.ActiveCfg = Debug|Any CPU
		{763730B6-70E3-4A6F-BBB8-FB25579AC3D4}.Debug|Any CPU.Build.0 = Debug|Any CPU
		{763730B6-70E3-4A6F-BBB8-FB25579AC3D4}.Release|Any CPU.ActiveCfg = Release|Any CPU
		{763730B6-70E3-4A6F-BBB8-FB25579AC3D4}.Release|Any CPU.Build.0 = Release|Any CPU
		{035C82EF-D2DB-41E0-93BF-86E7009B1453}.Debug|Any CPU.ActiveCfg = Debug|Any CPU
		{035C82EF-D2DB-41E0-93BF-86E7009B1453}.Debug|Any CPU.Build.0 = Debug|Any CPU
		{035C82EF-D2DB-41E0-93BF-86E7009B1453}.Release|Any CPU.ActiveCfg = Release|Any CPU
		{035C82EF-D2DB-41E0-93BF-86E7009B1453}.Release|Any CPU.Build.0 = Release|Any CPU
	EndGlobalSection
	GlobalSection(SolutionProperties) = preSolution
		HideSolutionNode = FALSE
	EndGlobalSection
	GlobalSection(NestedProjects) = preSolution
		{072E0711-7D85-41B7-BB60-630B67CCCFDA} = {02EA681E-C7D8-13C7-8484-4AC65E1B71E8}
		{9251F238-84A2-499E-8D72-78B15EB91152} = {072E0711-7D85-41B7-BB60-630B67CCCFDA}
		{0D1AD059-14C4-419A-BFD2-E58464C8F8BF} = {072E0711-7D85-41B7-BB60-630B67CCCFDA}
		{89D5AD59-5D79-4009-B3BF-2217A187DBD3} = {072E0711-7D85-41B7-BB60-630B67CCCFDA}
		{E3D6D75A-B0DA-4092-97FC-8CFF4965F90F} = {072E0711-7D85-41B7-BB60-630B67CCCFDA}
		{5066C679-F03C-4BD7-AD0E-09D494DF695A} = {02EA681E-C7D8-13C7-8484-4AC65E1B71E8}
		{E1986D7C-7E03-4917-8513-3F9615E9C3B8} = {5066C679-F03C-4BD7-AD0E-09D494DF695A}
		{7490A315-6616-4200-9266-ED7BB9D86CF9} = {5066C679-F03C-4BD7-AD0E-09D494DF695A}
		{763730B6-70E3-4A6F-BBB8-FB25579AC3D4} = {5066C679-F03C-4BD7-AD0E-09D494DF695A}
		{035C82EF-D2DB-41E0-93BF-86E7009B1453} = {5066C679-F03C-4BD7-AD0E-09D494DF695A}
	EndGlobalSection
	GlobalSection(ExtensibilityGlobals) = postSolution
		SolutionGuid = {0AC00DA2-A7DF-4672-9695-0009CFECB7B4}
	EndGlobalSection
EndGlobal
